
Microsoft Visual Studio Solution File, Format Version 12.00
# Visual Studio Version 17
VisualStudioVersion = 17.0.32014.148
MinimumVisualStudioVersion = 10.0.40219.1
Project("{FAE04EC0-301F-11D3-BF4B-00C04F79EFBC}") = "Snake", "Snake.csproj", "{7402E10B-4200-4FD2-941F-CC44AB33F85F}"
EndProject
Global
	GlobalSection(SolutionConfigurationPlatforms) = preSolution
		Debug|Any CPU = Debug|Any CPU
		Release|Any CPU = Release|Any CPU
	EndGlobalSection
	GlobalSection(ProjectConfigurationPlatforms) = postSolution
		{7402E10B-4200-4FD2-941F-CC44AB33F85F}.Debug|Any CPU.ActiveCfg = Debug|Any CPU
		{7402E10B-4200-4FD2-941F-CC44AB33F85F}.Debug|Any CPU.Build.0 = Debug|Any CPU
		{7402E10B-4200-4FD2-941F-CC44AB33F85F}.Release|Any CPU.ActiveCfg = Release|Any CPU
		{7402E10B-4200-4FD2-941F-CC44AB33F85F}.Release|Any CPU.Build.0 = Release|Any CPU
	EndGlobalSection
	GlobalSection(SolutionProperties) = preSolution
		HideSolutionNode = FALSE
	EndGlobalSection
	GlobalSection(ExtensibilityGlobals) = postSolution
		SolutionGuid = {C7A7B7DC-5FA1-43DE-B1BF-7AB281F0E7A9}
	EndGlobalSection
EndGlobal
